// !$*UTF8*$!
{
	archiveVersion = 1;
	classes = {
	};
	objectVersion = 77;
	objects = {

/* Begin PBXContainerItemProxy section */
		024700C22DA1D58B00FAFEDE /* PBXContainerItemProxy */ = {
			isa = PBXContainerItemProxy;
			containerPortal = 024700AC2DA1D58800FAFEDE /* Project object */;
			proxyType = 1;
			remoteGlobalIDString = 024700B32DA1D58800FAFEDE;
			remoteInfo = nbproject;
		};
		024700CC2DA1D58B00FAFEDE /* PBXContainerItemProxy */ = {
			isa = PBXContainerItemProxy;
			containerPortal = 024700AC2DA1D58800FAFEDE /* Project object */;
			proxyType = 1;
			remoteGlobalIDString = 024700B32DA1D58800FAFEDE;
			remoteInfo = nbproject;
		};
/* End PBXContainerItemProxy section */

/* Begin PBXFileReference section */
		024700B42DA1D58800FAFEDE /* nbproject.app */ = {isa = PBXFileReference; explicitFileType = wrapper.application; includeInIndex = 0; path = nbproject.app; sourceTree = BUILT_PRODUCTS_DIR; };
		024700C12DA1D58B00FAFEDE /* nbprojectTests.xctest */ = {isa = PBXFileReference; explicitFileType = wrapper.cfbundle; includeInIndex = 0; path = nbprojectTests.xctest; sourceTree = BUILT_PRODUCTS_DIR; };
		024700CB2DA1D58B00FAFEDE /* nbprojectUITests.xctest */ = {isa = PBXFileReference; explicitFileType = wrapper.cfbundle; includeInIndex = 0; path = nbprojectUITests.xctest; sourceTree = BUILT_PRODUCTS_DIR; };
/* End PBXFileReference section */

/* Begin PBXFileSystemSynchronizedBuildFileExceptionSet section */
		02D418D62DA1DA9400A1E2FA /* Exceptions for "nbproject" folder in "nbproject" target */ = {
			isa = PBXFileSystemSynchronizedBuildFileExceptionSet;
			membershipExceptions = (
				Info.plist,
			);
			target = 024700B32DA1D58800FAFEDE /* nbproject */;
		};
/* End PBXFileSystemSynchronizedBuildFileExceptionSet section */

/* Begin PBXFileSystemSynchronizedRootGroup section */
		024700B62DA1D58800FAFEDE /* nbproject */ = {
			isa = PBXFileSystemSynchronizedRootGroup;
			exceptions = (
				02D418D62DA1DA9400A1E2FA /* Exceptions for "nbproject" folder in "nbproject" target */,
			);
			path = nbproject;
			sourceTree = "<group>";
		};
		024700C42DA1D58B00FAFEDE /* nbprojectTests */ = {
			isa = PBXFileSystemSynchronizedRootGroup;
			path = nbprojectTests;
			sourceTree = "<group>";
		};
		024700CE2DA1D58B00FAFEDE /* nbprojectUITests */ = {
			isa = PBXFileSystemSynchronizedRootGroup;
			path = nbprojectUITests;
			sourceTree = "<group>";
		};
/* End PBXFileSystemSynchronizedRootGroup section */

/* Begin PBXFrameworksBuildPhase section */
		024700B12DA1D58800FAFEDE /* Frameworks */ = {
			isa = PBXFrameworksBuildPhase;
			buildActionMask = 2147483647;
			files = (
			);
			runOnlyForDeploymentPostprocessing = 0;
		};
		024700BE2DA1D58B00FAFEDE /* Frameworks */ = {
			isa = PBXFrameworksBuildPhase;
			buildActionMask = 2147483647;
			files = (
			);
			runOnlyForDeploymentPostprocessing = 0;
		};
		024700C82DA1D58B00FAFEDE /* Frameworks */ = {
			isa = PBXFrameworksBuildPhase;
			buildActionMask = 2147483647;
			files = (
			);
			runOnlyForDeploymentPostprocessing = 0;
		};
/* End PBXFrameworksBuildPhase section */

/* Begin PBXGroup section */
		024700AB2DA1D58800FAFEDE = {
			isa = PBXGroup;
			children = (
				024700B62DA1D58800FAFEDE /* nbproject */,
				024700C42DA1D58B00FAFEDE /* nbprojectTests */,
				024700CE2DA1D58B00FAFEDE /* nbprojectUITests */,
				024700B52DA1D58800FAFEDE /* Products */,
			);
			sourceTree = "<group>";
		};
		024700B52DA1D58800FAFEDE /* Products */ = {
			isa = PBXGroup;
			children = (
				024700B42DA1D58800FAFEDE /* nbproject.app */,
				024700C12DA1D58B00FAFEDE /* nbprojectTests.xctest */,
				024700CB2DA1D58B00FAFEDE /* nbprojectUITests.xctest */,
			);
			name = Products;
			sourceTree = "<group>";
		};
/* End PBXGroup section */

/* Begin PBXNativeTarget section */
		024700B32DA1D58800FAFEDE /* nbproject */ = {
			isa = PBXNativeTarget;
			buildConfigurationList = 024700D52DA1D58B00FAFEDE /* Build configuration list for PBXNativeTarget "nbproject" */;
			buildPhases = (
				024700B02DA1D58800FAFEDE /* Sources */,
				024700B12DA1D58800FAFEDE /* Frameworks */,
				024700B22DA1D58800FAFEDE /* Resources */,
			);
			buildRules = (
			);
			dependencies = (
			);
			fileSystemSynchronizedGroups = (
				024700B62DA1D58800FAFEDE /* nbproject */,
			);
			name = nbproject;
			packageProductDependencies = (
			);
			productName = nbproject;
			productReference = 024700B42DA1D58800FAFEDE /* nbproject.app */;
			productType = "com.apple.product-type.application";
		};
		024700C02DA1D58B00FAFEDE /* nbprojectTests */ = {
			isa = PBXNativeTarget;
			buildConfigurationList = 024700D82DA1D58B00FAFEDE /* Build configuration list for PBXNativeTarget "nbprojectTests" */;
			buildPhases = (
				024700BD2DA1D58B00FAFEDE /* Sources */,
				024700BE2DA1D58B00FAFEDE /* Frameworks */,
				024700BF2DA1D58B00FAFEDE /* Resources */,
			);
			buildRules = (
			);
			dependencies = (
				024700C32DA1D58B00FAFEDE /* PBXTargetDependency */,
			);
			fileSystemSynchronizedGroups = (
				024700C42DA1D58B00FAFEDE /* nbprojectTests */,
			);
			name = nbprojectTests;
			packageProductDependencies = (
			);
			productName = nbprojectTests;
			productReference = 024700C12DA1D58B00FAFEDE /* nbprojectTests.xctest */;
			productType = "com.apple.product-type.bundle.unit-test";
		};
		024700CA2DA1D58B00FAFEDE /* nbprojectUITests */ = {
			isa = PBXNativeTarget;
			buildConfigurationList = 024700DB2DA1D58B00FAFEDE /* Build configuration list for PBXNativeTarget "nbprojectUITests" */;
			buildPhases = (
				024700C72DA1D58B00FAFEDE /* Sources */,
				024700C82DA1D58B00FAFEDE /* Frameworks */,
				024700C92DA1D58B00FAFEDE /* Resources */,
			);
			buildRules = (
			);
			dependencies = (
				024700CD2DA1D58B00FAFEDE /* PBXTargetDependency */,
			);
			fileSystemSynchronizedGroups = (
				024700CE2DA1D58B00FAFEDE /* nbprojectUITests */,
			);
			name = nbprojectUITests;
			packageProductDependencies = (
			);
			productName = nbprojectUITests;
			productReference = 024700CB2DA1D58B00FAFEDE /* nbprojectUITests.xctest */;
			productType = "com.apple.product-type.bundle.ui-testing";
		};
/* End PBXNativeTarget section */

/* Begin PBXProject section */
		024700AC2DA1D58800FAFEDE /* Project object */ = {
			isa = PBXProject;
			attributes = {
				BuildIndependentTargetsInParallel = 1;
				LastSwiftUpdateCheck = 1630;
				LastUpgradeCheck = 1630;
				TargetAttributes = {
					024700B32DA1D58800FAFEDE = {
						CreatedOnToolsVersion = 16.3;
					};
					024700C02DA1D58B00FAFEDE = {
						CreatedOnToolsVersion = 16.3;
						TestTargetID = 024700B32DA1D58800FAFEDE;
					};
					024700CA2DA1D58B00FAFEDE = {
						CreatedOnToolsVersion = 16.3;
						TestTargetID = 024700B32DA1D58800FAFEDE;
					};
				};
			};
			buildConfigurationList = 024700AF2DA1D58800FAFEDE /* Build configuration list for PBXProject "nbproject" */;
			developmentRegion = en;
			hasScannedForEncodings = 0;
			knownRegions = (
				en,
				Base,
			);
			mainGroup = 024700AB2DA1D58800FAFEDE;
			minimizedProjectReferenceProxies = 1;
			preferredProjectObjectVersion = 77;
			productRefGroup = 024700B52DA1D58800FAFEDE /* Products */;
			projectDirPath = "";
			projectRoot = "";
			targets = (
				024700B32DA1D58800FAFEDE /* nbproject */,
				024700C02DA1D58B00FAFEDE /* nbprojectTests */,
				024700CA2DA1D58B00FAFEDE /* nbprojectUITests */,
			);
		};
/* End PBXProject section */

/* Begin PBXResourcesBuildPhase section */
		024700B22DA1D58800FAFEDE /* Resources */ = {
			isa = PBXResourcesBuildPhase;
			buildActionMask = 2147483647;
			files = (
			);
			runOnlyForDeploymentPostprocessing = 0;
		};
		024700BF2DA1D58B00FAFEDE /* Resources */ = {
			isa = PBXResourcesBuildPhase;
			buildActionMask = 2147483647;
			files = (
			);
			runOnlyForDeploymentPostprocessing = 0;
		};
		024700C92DA1D58B00FAFEDE /* Resources */ = {
			isa = PBXResourcesBuildPhase;
			buildActionMask = 2147483647;
			files = (
			);
			runOnlyForDeploymentPostprocessing = 0;
		};
/* End PBXResourcesBuildPhase section */

/* Begin PBXSourcesBuildPhase section */
		024700B02DA1D58800FAFEDE /* Sources */ = {
			isa = PBXSourcesBuildPhase;
			buildActionMask = 2147483647;
			files = (
			);
			runOnlyForDeploymentPostprocessing = 0;
		};
		024700BD2DA1D58B00FAFEDE /* Sources */ = {
			isa = PBXSourcesBuildPhase;
			buildActionMask = 2147483647;
			files = (
			);
			runOnlyForDeploymentPostprocessing = 0;
		};
		024700C72DA1D58B00FAFEDE /* Sources */ = {
			isa = PBXSourcesBuildPhase;
			buildActionMask = 2147483647;
			files = (
			);
			runOnlyForDeploymentPostprocessing = 0;
		};
/* End PBXSourcesBuildPhase section */

/* Begin PBXTargetDependency section */
		024700C32DA1D58B00FAFEDE /* PBXTargetDependency */ = {
			isa = PBXTargetDependency;
			target = 024700B32DA1D58800FAFEDE /* nbproject */;
			targetProxy = 024700C22DA1D58B00FAFEDE /* PBXContainerItemProxy */;
		};
		024700CD2DA1D58B00FAFEDE /* PBXTargetDependency */ = {
			isa = PBXTargetDependency;
			target = 024700B32DA1D58800FAFEDE /* nbproject */;
			targetProxy = 024700CC2DA1D58B00FAFEDE /* PBXContainerItemProxy */;
		};
/* End PBXTargetDependency section */

/* Begin XCBuildConfiguration section */
		024700D32DA1D58B00FAFEDE /* Debug */ = {
			isa = XCBuildConfiguration;
			buildSettings = {
				ALWAYS_SEARCH_USER_PATHS = NO;
				ASSETCATALOG_COMPILER_GENERATE_SWIFT_ASSET_SYMBOL_EXTENSIONS = YES;
				CLANG_ANALYZER_NONNULL = YES;
				CLANG_ANALYZER_NUMBER_OBJECT_CONVERSION = YES_AGGRESSIVE;
				CLANG_CXX_LANGUAGE_STANDARD = "gnu++20";
				CLANG_ENABLE_MODULES = YES;
				CLANG_ENABLE_OBJC_ARC = YES;
				CLANG_ENABLE_OBJC_WEAK = YES;
				CLANG_WARN_BLOCK_CAPTURE_AUTORELEASING = YES;
				CLANG_WARN_BOOL_CONVERSION = YES;
				CLANG_WARN_COMMA = YES;
				CLANG_WARN_CONSTANT_CONVERSION = YES;
				CLANG_WARN_DEPRECATED_OBJC_IMPLEMENTATIONS = YES;
				CLANG_WARN_DIRECT_OBJC_ISA_USAGE = YES_ERROR;
				CLANG_WARN_DOCUMENTATION_COMMENTS = YES;
				CLANG_WARN_EMPTY_BODY = YES;
				CLANG_WARN_ENUM_CONVERSION = YES;
				CLANG_WARN_INFINITE_RECURSION = YES;
				CLANG_WARN_INT_CONVERSION = YES;
				CLANG_WARN_NON_LITERAL_NULL_CONVERSION = YES;
				CLANG_WARN_OBJC_IMPLICIT_RETAIN_SELF = YES;
				CLANG_WARN_OBJC_LITERAL_CONVERSION = YES;
				CLANG_WARN_OBJC_ROOT_CLASS = YES_ERROR;
				CLANG_WARN_QUOTED_INCLUDE_IN_FRAMEWORK_HEADER = YES;
				CLANG_WARN_RANGE_LOOP_ANALYSIS = YES;
				CLANG_WARN_STRICT_PROTOTYPES = YES;
				CLANG_WARN_SUSPICIOUS_MOVE = YES;
				CLANG_WARN_UNGUARDED_AVAILABILITY = YES_AGGRESSIVE;
				CLANG_WARN_UNREACHABLE_CODE = YES;
				CLANG_WARN__DUPLICATE_METHOD_MATCH = YES;
				COPY_PHASE_STRIP = NO;
				DEBUG_INFORMATION_FORMAT = dwarf;
				DEVELOPMENT_TEAM = 4U8AA8925L;
				ENABLE_STRICT_OBJC_MSGSEND = YES;
				ENABLE_TESTABILITY = YES;
				ENABLE_USER_SCRIPT_SANDBOXING = YES;
				GCC_C_LANGUAGE_STANDARD = gnu17;
				GCC_DYNAMIC_NO_PIC = NO;
				GCC_NO_COMMON_BLOCKS = YES;
				GCC_OPTIMIZATION_LEVEL = 0;
				GCC_PREPROCESSOR_DEFINITIONS = (
					"DEBUG=1",
					"$(inherited)",
				);
				GCC_WARN_64_TO_32_BIT_CONVERSION = YES;
				GCC_WARN_ABOUT_RETURN_TYPE = YES_ERROR;
				GCC_WARN_UNDECLARED_SELECTOR = YES;
				GCC_WARN_UNINITIALIZED_AUTOS = YES_AGGRESSIVE;
				GCC_WARN_UNUSED_FUNCTION = YES;
				GCC_WARN_UNUSED_VARIABLE = YES;
				IPHONEOS_DEPLOYMENT_TARGET = 18.4;
				LOCALIZATION_PREFERS_STRING_CATALOGS = YES;
				MTL_ENABLE_DEBUG_INFO = INCLUDE_SOURCE;
				MTL_FAST_MATH = YES;
				ONLY_ACTIVE_ARCH = YES;
				SDKROOT = iphoneos;
				SWIFT_ACTIVE_COMPILATION_CONDITIONS = "DEBUG $(inherited)";
				SWIFT_OPTIMIZATION_LEVEL = "-Onone";
			};
			name = Debug;
		};
		024700D42DA1D58B00FAFEDE /* Release */ = {
			isa = XCBuildConfiguration;
			buildSettings = {
				ALWAYS_SEARCH_USER_PATHS = NO;
				ASSETCATALOG_COMPILER_GENERATE_SWIFT_ASSET_SYMBOL_EXTENSIONS = YES;
				CLANG_ANALYZER_NONNULL = YES;
				CLANG_ANALYZER_NUMBER_OBJECT_CONVERSION = YES_AGGRESSIVE;
				CLANG_CXX_LANGUAGE_STANDARD = "gnu++20";
				CLANG_ENABLE_MODULES = YES;
				CLANG_ENABLE_OBJC_ARC = YES;
				CLANG_ENABLE_OBJC_WEAK = YES;
				CLANG_WARN_BLOCK_CAPTURE_AUTORELEASING = YES;
				CLANG_WARN_BOOL_CONVERSION = YES;
				CLANG_WARN_COMMA = YES;
				CLANG_WARN_CONSTANT_CONVERSION = YES;
				CLANG_WARN_DEPRECATED_OBJC_IMPLEMENTATIONS = YES;
				CLANG_WARN_DIRECT_OBJC_ISA_USAGE = YES_ERROR;
				CLANG_WARN_DOCUMENTATION_COMMENTS = YES;
				CLANG_WARN_EMPTY_BODY = YES;
				CLANG_WARN_ENUM_CONVERSION = YES;
				CLANG_WARN_INFINITE_RECURSION = YES;
				CLANG_WARN_INT_CONVERSION = YES;
				CLANG_WARN_NON_LITERAL_NULL_CONVERSION = YES;
				CLANG_WARN_OBJC_IMPLICIT_RETAIN_SELF = YES;
				CLANG_WARN_OBJC_LITERAL_CONVERSION = YES;
				CLANG_WARN_OBJC_ROOT_CLASS = YES_ERROR;
				CLANG_WARN_QUOTED_INCLUDE_IN_FRAMEWORK_HEADER = YES;
				CLANG_WARN_RANGE_LOOP_ANALYSIS = YES;
				CLANG_WARN_STRICT_PROTOTYPES = YES;
				CLANG_WARN_SUSPICIOUS_MOVE = YES;
				CLANG_WARN_UNGUARDED_AVAILABILITY = YES_AGGRESSIVE;
				CLANG_WARN_UNREACHABLE_CODE = YES;
				CLANG_WARN__DUPLICATE_METHOD_MATCH = YES;
				COPY_PHASE_STRIP = NO;
				DEBUG_INFORMATION_FORMAT = "dwarf-with-dsym";
				DEVELOPMENT_TEAM = 4U8AA8925L;
				ENABLE_NS_ASSERTIONS = NO;
				ENABLE_STRICT_OBJC_MSGSEND = YES;
				ENABLE_USER_SCRIPT_SANDBOXING = YES;
				GCC_C_LANGUAGE_STANDARD = gnu17;
				GCC_NO_COMMON_BLOCKS = YES;
				GCC_WARN_64_TO_32_BIT_CONVERSION = YES;
				GCC_WARN_ABOUT_RETURN_TYPE = YES_ERROR;
				GCC_WARN_UNDECLARED_SELECTOR = YES;
				GCC_WARN_UNINITIALIZED_AUTOS = YES_AGGRESSIVE;
				GCC_WARN_UNUSED_FUNCTION = YES;
				GCC_WARN_UNUSED_VARIABLE = YES;
				IPHONEOS_DEPLOYMENT_TARGET = 18.4;
				LOCALIZATION_PREFERS_STRING_CATALOGS = YES;
				MTL_ENABLE_DEBUG_INFO = NO;
				MTL_FAST_MATH = YES;
				SDKROOT = iphoneos;
				SWIFT_COMPILATION_MODE = wholemodule;
				VALIDATE_PRODUCT = YES;
			};
			name = Release;
		};
		024700D62DA1D58B00FAFEDE /* Debug */ = {
			isa = XCBuildConfiguration;
			buildSettings = {
				ASSETCATALOG_COMPILER_APPICON_NAME = AppIcon;
				ASSETCATALOG_COMPILER_GLOBAL_ACCENT_COLOR_NAME = AccentColor;
				CODE_SIGN_STYLE = Automatic;
				CURRENT_PROJECT_VERSION = 1;
				DEVELOPMENT_TEAM = 4U8AA8925L;
				ENABLE_PREVIEWS = YES;
				GENERATE_INFOPLIST_FILE = YES;
				INFOPLIST_FILE = nbproject/Info.plist;
				INFOPLIST_KEY_UIApplicationSceneManifest_Generation = YES;
				INFOPLIST_KEY_UIApplicationSupportsIndirectInputEvents = YES;
				INFOPLIST_KEY_UILaunchScreen_Generation = YES;
				INFOPLIST_KEY_UISupportedInterfaceOrientations_iPad = "UIInterfaceOrientationPortrait UIInterfaceOrientationPortraitUpsideDown UIInterfaceOrientationLandscapeLeft UIInterfaceOrientationLandscapeRight";
				INFOPLIST_KEY_UISupportedInterfaceOrientations_iPhone = "UIInterfaceOrientationPortrait UIInterfaceOrientationLandscapeLeft UIInterfaceOrientationLandscapeRight";
				LD_RUNPATH_SEARCH_PATHS = (
					"$(inherited)",
					"@executable_path/Frameworks",
				);
				MARKETING_VERSION = 1.0;
				PRODUCT_BUNDLE_IDENTIFIER = nbstudio.nbproject;
				PRODUCT_NAME = "$(TARGET_NAME)";
				SWIFT_EMIT_LOC_STRINGS = YES;
				SWIFT_VERSION = 5.0;
				TARGETED_DEVICE_FAMILY = "1,2";
			};
			name = Debug;
		};
		024700D72DA1D58B00FAFEDE /* Release */ = {
			isa = XCBuildConfiguration;
			buildSettings = {
				ASSETCATALOG_COMPILER_APPICON_NAME = AppIcon;
				ASSETCATALOG_COMPILER_GLOBAL_ACCENT_COLOR_NAME = AccentColor;
				CODE_SIGN_STYLE = Automatic;
				CURRENT_PROJECT_VERSION = 1;
				DEVELOPMENT_TEAM = 4U8AA8925L;
				ENABLE_PREVIEWS = YES;
				GENERATE_INFOPLIST_FILE = YES;
				INFOPLIST_FILE = nbproject/Info.plist;
				INFOPLIST_KEY_UIApplicationSceneManifest_Generation = YES;
				INFOPLIST_KEY_UIApplicationSupportsIndirectInputEvents = YES;
				INFOPLIST_KEY_UILaunchScreen_Generation = YES;
				INFOPLIST_KEY_UISupportedInterfaceOrientations_iPad = "UIInterfaceOrientationPortrait UIInterfaceOrientationPortraitUpsideDown UIInterfaceOrientationLandscapeLeft UIInterfaceOrientationLandscapeRight";
				INFOPLIST_KEY_UISupportedInterfaceOrientations_iPhone = "UIInterfaceOrientationPortrait UIInterfaceOrientationLandscapeLeft UIInterfaceOrientationLandscapeRight";
				LD_RUNPATH_SEARCH_PATHS = (
					"$(inherited)",
					"@executable_path/Frameworks",
				);
				MARKETING_VERSION = 1.0;
				PRODUCT_BUNDLE_IDENTIFIER = nbstudio.nbproject;
				PRODUCT_NAME = "$(TARGET_NAME)";
				SWIFT_EMIT_LOC_STRINGS = YES;
				SWIFT_VERSION = 5.0;
				TARGETED_DEVICE_FAMILY = "1,2";
			};
			name = Release;
		};
		024700D92DA1D58B00FAFEDE /* Debug */ = {
			isa = XCBuildConfiguration;
			buildSettings = {
				BUNDLE_LOADER = "$(TEST_HOST)";
				CODE_SIGN_STYLE = Automatic;
				CURRENT_PROJECT_VERSION = 1;
				DEVELOPMENT_TEAM = 4U8AA8925L;
				GENERATE_INFOPLIST_FILE = YES;
				IPHONEOS_DEPLOYMENT_TARGET = 18.4;
				MARKETING_VERSION = 1.0;
				PRODUCT_BUNDLE_IDENTIFIER = nbstudio.nbprojectTests;
				PRODUCT_NAME = "$(TARGET_NAME)";
				SWIFT_EMIT_LOC_STRINGS = NO;
				SWIFT_VERSION = 5.0;
				TARGETED_DEVICE_FAMILY = "1,2";
				TEST_HOST = "$(BUILT_PRODUCTS_DIR)/nbproject.app/$(BUNDLE_EXECUTABLE_FOLDER_PATH)/nbproject";
			};
			name = Debug;
		};
		024700DA2DA1D58B00FAFEDE /* Release */ = {
			isa = XCBuildConfiguration;
			buildSettings = {
				BUNDLE_LOADER = "$(TEST_HOST)";
				CODE_SIGN_STYLE = Automatic;
				CURRENT_PROJECT_VERSION = 1;
				DEVELOPMENT_TEAM = 4U8AA8925L;
				GENERATE_INFOPLIST_FILE = YES;
				IPHONEOS_DEPLOYMENT_TARGET = 18.4;
				MARKETING_VERSION = 1.0;
				PRODUCT_BUNDLE_IDENTIFIER = nbstudio.nbprojectTests;
				PRODUCT_NAME = "$(TARGET_NAME)";
				SWIFT_EMIT_LOC_STRINGS = NO;
				SWIFT_VERSION = 5.0;
				TARGETED_DEVICE_FAMILY = "1,2";
				TEST_HOST = "$(BUILT_PRODUCTS_DIR)/nbproject.app/$(BUNDLE_EXECUTABLE_FOLDER_PATH)/nbproject";
			};
			name = Release;
		};
		024700DC2DA1D58B00FAFEDE /* Debug */ = {
			isa = XCBuildConfiguration;
			buildSettings = {
				CODE_SIGN_STYLE = Automatic;
				CURRENT_PROJECT_VERSION = 1;
				DEVELOPMENT_TEAM = 4U8AA8925L;
				GENERATE_INFOPLIST_FILE = YES;
				MARKETING_VERSION = 1.0;
				PRODUCT_BUNDLE_IDENTIFIER = nbstudio.nbprojectUITests;
				PRODUCT_NAME = "$(TARGET_NAME)";
				SWIFT_EMIT_LOC_STRINGS = NO;
				SWIFT_VERSION = 5.0;
				TARGETED_DEVICE_FAMILY = "1,2";
				TEST_TARGET_NAME = nbproject;
			};
			name = Debug;
		};
		024700DD2DA1D58B00FAFEDE /* Release */ = {
			isa = XCBuildConfiguration;
			buildSettings = {
				CODE_SIGN_STYLE = Automatic;
				CURRENT_PROJECT_VERSION = 1;
				DEVELOPMENT_TEAM = 4U8AA8925L;
				GENERATE_INFOPLIST_FILE = YES;
				MARKETING_VERSION = 1.0;
				PRODUCT_BUNDLE_IDENTIFIER = nbstudio.nbprojectUITests;
				PRODUCT_NAME = "$(TARGET_NAME)";
				SWIFT_EMIT_LOC_STRINGS = NO;
				SWIFT_VERSION = 5.0;
				TARGETED_DEVICE_FAMILY = "1,2";
				TEST_TARGET_NAME = nbproject;
			};
			name = Release;
		};
/* End XCBuildConfiguration section */

/* Begin XCConfigurationList section */
		024700AF2DA1D58800FAFEDE /* Build configuration list for PBXProject "nbproject" */ = {
			isa = XCConfigurationList;
			buildConfigurations = (
				024700D32DA1D58B00FAFEDE /* Debug */,
				024700D42DA1D58B00FAFEDE /* Release */,
			);
			defaultConfigurationIsVisible = 0;
			defaultConfigurationName = Release;
		};
		024700D52DA1D58B00FAFEDE /* Build configuration list for PBXNativeTarget "nbproject" */ = {
			isa = XCConfigurationList;
			buildConfigurations = (
				024700D62DA1D58B00FAFEDE /* Debug */,
				024700D72DA1D58B00FAFEDE /* Release */,
			);
			defaultConfigurationIsVisible = 0;
			defaultConfigurationName = Release;
		};
		024700D82DA1D58B00FAFEDE /* Build configuration list for PBXNativeTarget "nbprojectTests" */ = {
			isa = XCConfigurationList;
			buildConfigurations = (
				024700D92DA1D58B00FAFEDE /* Debug */,
				024700DA2DA1D58B00FAFEDE /* Release */,
			);
			defaultConfigurationIsVisible = 0;
			defaultConfigurationName = Release;
		};
		024700DB2DA1D58B00FAFEDE /* Build configuration list for PBXNativeTarget "nbprojectUITests" */ = {
			isa = XCConfigurationList;
			buildConfigurations = (
				024700DC2DA1D58B00FAFEDE /* Debug */,
				024700DD2DA1D58B00FAFEDE /* Release */,
			);
			defaultConfigurationIsVisible = 0;
			defaultConfigurationName = Release;
		};
/* End XCConfigurationList section */
	};
	rootObject = 024700AC2DA1D58800FAFEDE /* Project object */;
}
